
Microsoft Visual Studio Solution File, Format Version 12.00
# Visual Studio Version 17
VisualStudioVersion = 17.1.32210.238
MinimumVisualStudioVersion = 10.0.40219.1
Project("{9A19103F-16F7-4668-BE54-9A1E7A4F7556}") = "MyGolfStats", "MyGolfStats\MyGolfStats.csproj", "{FB1DD4AC-BF9D-418F-A531-A628F66AB55E}"
EndProject
Global
	GlobalSection(SolutionConfigurationPlatforms) = preSolution
		Debug|Any CPU = Debug|Any CPU
		Release|Any CPU = Release|Any CPU
	EndGlobalSection
	GlobalSection(ProjectConfigurationPlatforms) = postSolution
		{FB1DD4AC-BF9D-418F-A531-A628F66AB55E}.Debug|Any CPU.ActiveCfg = Debug|Any CPU
		{FB1DD4AC-BF9D-418F-A531-A628F66AB55E}.Debug|Any CPU.Build.0 = Debug|Any CPU
		{FB1DD4AC-BF9D-418F-A531-A628F66AB55E}.Release|Any CPU.ActiveCfg = Release|Any CPU
		{FB1DD4AC-BF9D-418F-A531-A628F66AB55E}.Release|Any CPU.Build.0 = Release|Any CPU
	EndGlobalSection
	GlobalSection(SolutionProperties) = preSolution
		HideSolutionNode = FALSE
	EndGlobalSection
	GlobalSection(ExtensibilityGlobals) = postSolution
		SolutionGuid = {1E094BDA-BA6E-48EF-9FCF-F2C3E7C5EFEF}
	EndGlobalSection
EndGlobal
